
Microsoft Visual Studio Solution File, Format Version 12.00
# Visual Studio 15
VisualStudioVersion = 15.0.27428.2005
MinimumVisualStudioVersion = 10.0.40219.1
Project("{2150E333-8FDC-42A3-9474-1A3956D46DE8}") = "Week 1", "Week 1", "{83E85258-5449-4B27-855C-2E5258A5CAF1}"
EndProject
Project("{2150E333-8FDC-42A3-9474-1A3956D46DE8}") = "Week 2", "Week 2", "{ACB128FA-5463-405F-8E1A-FDCE4F17C32A}"
EndProject
Project("{2150E333-8FDC-42A3-9474-1A3956D46DE8}") = "Week 3", "Week 3", "{56B615C7-774D-4FC9-ADAE-943383187B1F}"
EndProject
Project("{FAE04EC0-301F-11D3-BF4B-00C04F79EFBC}") = "EntityLab_1.1", "Week 1\EntityLab_1.1\EntityLab_1.1.csproj", "{B36AA41B-7649-46C9-9E03-DA3B3D46F39B}"
EndProject
Project("{FAE04EC0-301F-11D3-BF4B-00C04F79EFBC}") = "EntityLab_1.2", "Week 1\EntityLab_1.2\EntityLab_1.2.csproj", "{011EC98A-B378-44E0-A70E-201DA0F8BA01}"
EndProject
Project("{FAE04EC0-301F-11D3-BF4B-00C04F79EFBC}") = "EntityLab_1.3", "Week 1\EntityLab_1.3\EntityLab_1.3.csproj", "{8D83F89D-160A-4032-A224-EC0CD1726D8B}"
EndProject
Project("{FAE04EC0-301F-11D3-BF4B-00C04F79EFBC}") = "EntityLab_2.1", "Week 1\EntityLab_2.1\EntityLab_2.1.csproj", "{8543E66D-1D19-4BE3-AA01-12023DF71311}"
EndProject
Project("{FAE04EC0-301F-11D3-BF4B-00C04F79EFBC}") = "EntityLab_2.2", "Week 1\EntityLab_2.2\EntityLab_2.2.csproj", "{44AFE7C3-DCD4-4CDD-A702-DBFB42E0655C}"
EndProject
Project("{FAE04EC0-301F-11D3-BF4B-00C04F79EFBC}") = "EntityLab_2.3", "Week 1\EntityLab_2.3\EntityLab_2.3.csproj", "{9E01D5B0-F4B2-46D6-8DAC-56A3B8E5FDB6}"
EndProject
Project("{FAE04EC0-301F-11D3-BF4B-00C04F79EFBC}") = "EntityLab_2.4", "Week 1\EntityLab_2.4\EntityLab_2.4.csproj", "{839ADD5A-9D6F-4B2D-A37D-FB6A7ECC1065}"
EndProject
Project("{FAE04EC0-301F-11D3-BF4B-00C04F79EFBC}") = "EntityLab_3.1", "Week 2\EntityLab_3.1\EntityLab_3.1.csproj", "{8E37C083-541C-40E6-8194-1DB54E586BB2}"
EndProject
Project("{FAE04EC0-301F-11D3-BF4B-00C04F79EFBC}") = "EntityLab_3.2", "Week 2\EntityLab_3.2\EntityLab_3.2.csproj", "{695DC62A-2AC8-44F8-A951-272BDBF352B5}"
EndProject
Project("{FAE04EC0-301F-11D3-BF4B-00C04F79EFBC}") = "EntityLab_3.3", "Week 2\EntityLab_3.3\EntityLab_3.3.csproj", "{94CDB9D6-652D-40F2-B09D-4553BB379728}"
EndProject
Project("{FAE04EC0-301F-11D3-BF4B-00C04F79EFBC}") = "EntityLab_3.4.1", "Week 2\EntityLab_3.4.1\EntityLab_3.4.1.csproj", "{BA72222D-97A3-4626-9FCF-8411123C5C47}"
EndProject
Project("{FAE04EC0-301F-11D3-BF4B-00C04F79EFBC}") = "EntityLabs_3.4.2", "Week 2\EntityLabs_3.4.2\EntityLabs_3.4.2.csproj", "{DA81DE92-E6DF-4B71-9D5C-6A7AFF13208B}"
EndProject
Project("{FAE04EC0-301F-11D3-BF4B-00C04F79EFBC}") = "EntityLab_6", "Week 3\EntityLab_6\EntityLab_6.csproj", "{2E542169-A186-48B5-AE7C-0EBB6378D3E1}"
EndProject
Global
	GlobalSection(SolutionConfigurationPlatforms) = preSolution
		Debug|Any CPU = Debug|Any CPU
		Release|Any CPU = Release|Any CPU
	EndGlobalSection
	GlobalSection(ProjectConfigurationPlatforms) = postSolution
		{B36AA41B-7649-46C9-9E03-DA3B3D46F39B}.Debug|Any CPU.ActiveCfg = Debug|Any CPU
		{B36AA41B-7649-46C9-9E03-DA3B3D46F39B}.Debug|Any CPU.Build.0 = Debug|Any CPU
		{B36AA41B-7649-46C9-9E03-DA3B3D46F39B}.Release|Any CPU.ActiveCfg = Release|Any CPU
		{B36AA41B-7649-46C9-9E03-DA3B3D46F39B}.Release|Any CPU.Build.0 = Release|Any CPU
		{011EC98A-B378-44E0-A70E-201DA0F8BA01}.Debug|Any CPU.ActiveCfg = Debug|Any CPU
		{011EC98A-B378-44E0-A70E-201DA0F8BA01}.Debug|Any CPU.Build.0 = Debug|Any CPU
		{011EC98A-B378-44E0-A70E-201DA0F8BA01}.Release|Any CPU.ActiveCfg = Release|Any CPU
		{011EC98A-B378-44E0-A70E-201DA0F8BA01}.Release|Any CPU.Build.0 = Release|Any CPU
		{8D83F89D-160A-4032-A224-EC0CD1726D8B}.Debug|Any CPU.ActiveCfg = Debug|Any CPU
		{8D83F89D-160A-4032-A224-EC0CD1726D8B}.Debug|Any CPU.Build.0 = Debug|Any CPU
		{8D83F89D-160A-4032-A224-EC0CD1726D8B}.Release|Any CPU.ActiveCfg = Release|Any CPU
		{8D83F89D-160A-4032-A224-EC0CD1726D8B}.Release|Any CPU.Build.0 = Release|Any CPU
		{8543E66D-1D19-4BE3-AA01-12023DF71311}.Debug|Any CPU.ActiveCfg = Debug|Any CPU
		{8543E66D-1D19-4BE3-AA01-12023DF71311}.Debug|Any CPU.Build.0 = Debug|Any CPU
		{8543E66D-1D19-4BE3-AA01-12023DF71311}.Release|Any CPU.ActiveCfg = Release|Any CPU
		{8543E66D-1D19-4BE3-AA01-12023DF71311}.Release|Any CPU.Build.0 = Release|Any CPU
		{44AFE7C3-DCD4-4CDD-A702-DBFB42E0655C}.Debug|Any CPU.ActiveCfg = Debug|Any CPU
		{44AFE7C3-DCD4-4CDD-A702-DBFB42E0655C}.Debug|Any CPU.Build.0 = Debug|Any CPU
		{44AFE7C3-DCD4-4CDD-A702-DBFB42E0655C}.Release|Any CPU.ActiveCfg = Release|Any CPU
		{44AFE7C3-DCD4-4CDD-A702-DBFB42E0655C}.Release|Any CPU.Build.0 = Release|Any CPU
		{9E01D5B0-F4B2-46D6-8DAC-56A3B8E5FDB6}.Debug|Any CPU.ActiveCfg = Debug|Any CPU
		{9E01D5B0-F4B2-46D6-8DAC-56A3B8E5FDB6}.Debug|Any CPU.Build.0 = Debug|Any CPU
		{9E01D5B0-F4B2-46D6-8DAC-56A3B8E5FDB6}.Release|Any CPU.ActiveCfg = Release|Any CPU
		{9E01D5B0-F4B2-46D6-8DAC-56A3B8E5FDB6}.Release|Any CPU.Build.0 = Release|Any CPU
		{839ADD5A-9D6F-4B2D-A37D-FB6A7ECC1065}.Debug|Any CPU.ActiveCfg = Debug|Any CPU
		{839ADD5A-9D6F-4B2D-A37D-FB6A7ECC1065}.Debug|Any CPU.Build.0 = Debug|Any CPU
		{839ADD5A-9D6F-4B2D-A37D-FB6A7ECC1065}.Release|Any CPU.ActiveCfg = Release|Any CPU
		{839ADD5A-9D6F-4B2D-A37D-FB6A7ECC1065}.Release|Any CPU.Build.0 = Release|Any CPU
		{8E37C083-541C-40E6-8194-1DB54E586BB2}.Debug|Any CPU.ActiveCfg = Debug|Any CPU
		{8E37C083-541C-40E6-8194-1DB54E586BB2}.Debug|Any CPU.Build.0 = Debug|Any CPU
		{8E37C083-541C-40E6-8194-1DB54E586BB2}.Release|Any CPU.ActiveCfg = Release|Any CPU
		{8E37C083-541C-40E6-8194-1DB54E586BB2}.Release|Any CPU.Build.0 = Release|Any CPU
		{695DC62A-2AC8-44F8-A951-272BDBF352B5}.Debug|Any CPU.ActiveCfg = Debug|Any CPU
		{695DC62A-2AC8-44F8-A951-272BDBF352B5}.Debug|Any CPU.Build.0 = Debug|Any CPU
		{695DC62A-2AC8-44F8-A951-272BDBF352B5}.Release|Any CPU.ActiveCfg = Release|Any CPU
		{695DC62A-2AC8-44F8-A951-272BDBF352B5}.Release|Any CPU.Build.0 = Release|Any CPU
		{94CDB9D6-652D-40F2-B09D-4553BB379728}.Debug|Any CPU.ActiveCfg = Debug|Any CPU
		{94CDB9D6-652D-40F2-B09D-4553BB379728}.Debug|Any CPU.Build.0 = Debug|Any CPU
		{94CDB9D6-652D-40F2-B09D-4553BB379728}.Release|Any CPU.ActiveCfg = Release|Any CPU
		{94CDB9D6-652D-40F2-B09D-4553BB379728}.Release|Any CPU.Build.0 = Release|Any CPU
		{BA72222D-97A3-4626-9FCF-8411123C5C47}.Debug|Any CPU.ActiveCfg = Debug|Any CPU
		{BA72222D-97A3-4626-9FCF-8411123C5C47}.Debug|Any CPU.Build.0 = Debug|Any CPU
		{BA72222D-97A3-4626-9FCF-8411123C5C47}.Release|Any CPU.ActiveCfg = Release|Any CPU
		{BA72222D-97A3-4626-9FCF-8411123C5C47}.Release|Any CPU.Build.0 = Release|Any CPU
		{DA81DE92-E6DF-4B71-9D5C-6A7AFF13208B}.Debug|Any CPU.ActiveCfg = Debug|Any CPU
		{DA81DE92-E6DF-4B71-9D5C-6A7AFF13208B}.Debug|Any CPU.Build.0 = Debug|Any CPU
		{DA81DE92-E6DF-4B71-9D5C-6A7AFF13208B}.Release|Any CPU.ActiveCfg = Release|Any CPU
		{DA81DE92-E6DF-4B71-9D5C-6A7AFF13208B}.Release|Any CPU.Build.0 = Release|Any CPU
		{2E542169-A186-48B5-AE7C-0EBB6378D3E1}.Debug|Any CPU.ActiveCfg = Debug|Any CPU
		{2E542169-A186-48B5-AE7C-0EBB6378D3E1}.Debug|Any CPU.Build.0 = Debug|Any CPU
		{2E542169-A186-48B5-AE7C-0EBB6378D3E1}.Release|Any CPU.ActiveCfg = Release|Any CPU
		{2E542169-A186-48B5-AE7C-0EBB6378D3E1}.Release|Any CPU.Build.0 = Release|Any CPU
	EndGlobalSection
	GlobalSection(SolutionProperties) = preSolution
		HideSolutionNode = FALSE
	EndGlobalSection
	GlobalSection(NestedProjects) = preSolution
		{B36AA41B-7649-46C9-9E03-DA3B3D46F39B} = {83E85258-5449-4B27-855C-2E5258A5CAF1}
		{011EC98A-B378-44E0-A70E-201DA0F8BA01} = {83E85258-5449-4B27-855C-2E5258A5CAF1}
		{8D83F89D-160A-4032-A224-EC0CD1726D8B} = {83E85258-5449-4B27-855C-2E5258A5CAF1}
		{8543E66D-1D19-4BE3-AA01-12023DF71311} = {83E85258-5449-4B27-855C-2E5258A5CAF1}
		{44AFE7C3-DCD4-4CDD-A702-DBFB42E0655C} = {83E85258-5449-4B27-855C-2E5258A5CAF1}
		{9E01D5B0-F4B2-46D6-8DAC-56A3B8E5FDB6} = {83E85258-5449-4B27-855C-2E5258A5CAF1}
		{839ADD5A-9D6F-4B2D-A37D-FB6A7ECC1065} = {83E85258-5449-4B27-855C-2E5258A5CAF1}
		{8E37C083-541C-40E6-8194-1DB54E586BB2} = {ACB128FA-5463-405F-8E1A-FDCE4F17C32A}
		{695DC62A-2AC8-44F8-A951-272BDBF352B5} = {ACB128FA-5463-405F-8E1A-FDCE4F17C32A}
		{94CDB9D6-652D-40F2-B09D-4553BB379728} = {ACB128FA-5463-405F-8E1A-FDCE4F17C32A}
		{BA72222D-97A3-4626-9FCF-8411123C5C47} = {ACB128FA-5463-405F-8E1A-FDCE4F17C32A}
		{DA81DE92-E6DF-4B71-9D5C-6A7AFF13208B} = {ACB128FA-5463-405F-8E1A-FDCE4F17C32A}
		{2E542169-A186-48B5-AE7C-0EBB6378D3E1} = {56B615C7-774D-4FC9-ADAE-943383187B1F}
	EndGlobalSection
	GlobalSection(ExtensibilityGlobals) = postSolution
		SolutionGuid = {05474FD4-CE42-4C0C-953A-26151D9E719A}
	EndGlobalSection
EndGlobal
